// !$*UTF8*$!
{
	archiveVersion = 1;
	classes = {
	};
	objectVersion = 56;
	objects = {

/* Begin PBXBuildFile section */
		B70172262A87CF0E00FE5E79 /* NotesAppApp.swift in Sources */ = {isa = PBXBuildFile; fileRef = B70172252A87CF0E00FE5E79 /* NotesAppApp.swift */; };
		B70172282A87CF0E00FE5E79 /* ContentView.swift in Sources */ = {isa = PBXBuildFile; fileRef = B70172272A87CF0E00FE5E79 /* ContentView.swift */; };
		B701722A2A87CF0F00FE5E79 /* Assets.xcassets in Resources */ = {isa = PBXBuildFile; fileRef = B70172292A87CF0F00FE5E79 /* Assets.xcassets */; };
		B701722D2A87CF0F00FE5E79 /* Preview Assets.xcassets in Resources */ = {isa = PBXBuildFile; fileRef = B701722C2A87CF0F00FE5E79 /* Preview Assets.xcassets */; };
		B70172342A87D03200FE5E79 /* Note.swift in Sources */ = {isa = PBXBuildFile; fileRef = B70172332A87D03200FE5E79 /* Note.swift */; };
		B70172362A87D06700FE5E79 /* NotesViewModel.swift in Sources */ = {isa = PBXBuildFile; fileRef = B70172352A87D06700FE5E79 /* NotesViewModel.swift */; };
		B70172382A87D49000FE5E79 /* NoteView.swift in Sources */ = {isa = PBXBuildFile; fileRef = B70172372A87D49000FE5E79 /* NoteView.swift */; };
		B701723B2A87D60A00FE5E79 /* Realm in Frameworks */ = {isa = PBXBuildFile; productRef = B701723A2A87D60A00FE5E79 /* Realm */; };
		B701723D2A87D60A00FE5E79 /* RealmSwift in Frameworks */ = {isa = PBXBuildFile; productRef = B701723C2A87D60A00FE5E79 /* RealmSwift */; };
		B701723F2A87D8EF00FE5E79 /* AddNoteView.swift in Sources */ = {isa = PBXBuildFile; fileRef = B701723E2A87D8EF00FE5E79 /* AddNoteView.swift */; };
		B7664FDC2A88F86700325F6B /* String+Extension.swift in Sources */ = {isa = PBXBuildFile; fileRef = B7664FDB2A88F86700325F6B /* String+Extension.swift */; };
		B7664FE02A890C5400325F6B /* CustomColorPicker.swift in Sources */ = {isa = PBXBuildFile; fileRef = B7664FDF2A890C5400325F6B /* CustomColorPicker.swift */; };
/* End PBXBuildFile section */

/* Begin PBXFileReference section */
		B70172222A87CF0E00FE5E79 /* NotesApp.app */ = {isa = PBXFileReference; explicitFileType = wrapper.application; includeInIndex = 0; path = NotesApp.app; sourceTree = BUILT_PRODUCTS_DIR; };
		B70172252A87CF0E00FE5E79 /* NotesAppApp.swift */ = {isa = PBXFileReference; lastKnownFileType = sourcecode.swift; path = NotesAppApp.swift; sourceTree = "<group>"; };
		B70172272A87CF0E00FE5E79 /* ContentView.swift */ = {isa = PBXFileReference; lastKnownFileType = sourcecode.swift; path = ContentView.swift; sourceTree = "<group>"; };
		B70172292A87CF0F00FE5E79 /* Assets.xcassets */ = {isa = PBXFileReference; lastKnownFileType = folder.assetcatalog; path = Assets.xcassets; sourceTree = "<group>"; };
		B701722C2A87CF0F00FE5E79 /* Preview Assets.xcassets */ = {isa = PBXFileReference; lastKnownFileType = folder.assetcatalog; path = "Preview Assets.xcassets"; sourceTree = "<group>"; };
		B70172332A87D03200FE5E79 /* Note.swift */ = {isa = PBXFileReference; lastKnownFileType = sourcecode.swift; path = Note.swift; sourceTree = "<group>"; };
		B70172352A87D06700FE5E79 /* NotesViewModel.swift */ = {isa = PBXFileReference; lastKnownFileType = sourcecode.swift; path = NotesViewModel.swift; sourceTree = "<group>"; };
		B70172372A87D49000FE5E79 /* NoteView.swift */ = {isa = PBXFileReference; lastKnownFileType = sourcecode.swift; path = NoteView.swift; sourceTree = "<group>"; };
		B701723E2A87D8EF00FE5E79 /* AddNoteView.swift */ = {isa = PBXFileReference; lastKnownFileType = sourcecode.swift; path = AddNoteView.swift; sourceTree = "<group>"; };
		B7664FDB2A88F86700325F6B /* String+Extension.swift */ = {isa = PBXFileReference; lastKnownFileType = sourcecode.swift; path = "String+Extension.swift"; sourceTree = "<group>"; };
		B7664FDF2A890C5400325F6B /* CustomColorPicker.swift */ = {isa = PBXFileReference; lastKnownFileType = sourcecode.swift; path = CustomColorPicker.swift; sourceTree = "<group>"; };
/* End PBXFileReference section */

/* Begin PBXFrameworksBuildPhase section */
		B701721F2A87CF0E00FE5E79 /* Frameworks */ = {
			isa = PBXFrameworksBuildPhase;
			buildActionMask = 2147483647;
			files = (
				B701723D2A87D60A00FE5E79 /* RealmSwift in Frameworks */,
				B701723B2A87D60A00FE5E79 /* Realm in Frameworks */,
			);
			runOnlyForDeploymentPostprocessing = 0;
		};
/* End PBXFrameworksBuildPhase section */

/* Begin PBXGroup section */
		B70172192A87CF0E00FE5E79 = {
			isa = PBXGroup;
			children = (
				B70172242A87CF0E00FE5E79 /* NotesApp */,
				B70172232A87CF0E00FE5E79 /* Products */,
			);
			sourceTree = "<group>";
		};
		B70172232A87CF0E00FE5E79 /* Products */ = {
			isa = PBXGroup;
			children = (
				B70172222A87CF0E00FE5E79 /* NotesApp.app */,
			);
			name = Products;
			sourceTree = "<group>";
		};
		B70172242A87CF0E00FE5E79 /* NotesApp */ = {
			isa = PBXGroup;
			children = (
				B70172252A87CF0E00FE5E79 /* NotesAppApp.swift */,
				B7664FDD2A88F87900325F6B /* ViewModel */,
				B7664FDA2A88F85900325F6B /* Extensions */,
				B7664FDE2A88F88300325F6B /* Views */,
				B7664FD92A88F84800325F6B /* Model */,
				B70172292A87CF0F00FE5E79 /* Assets.xcassets */,
				B701722B2A87CF0F00FE5E79 /* Preview Content */,
			);
			path = NotesApp;
			sourceTree = "<group>";
		};
		B701722B2A87CF0F00FE5E79 /* Preview Content */ = {
			isa = PBXGroup;
			children = (
				B701722C2A87CF0F00FE5E79 /* Preview Assets.xcassets */,
			);
			path = "Preview Content";
			sourceTree = "<group>";
		};
		B7664FD92A88F84800325F6B /* Model */ = {
			isa = PBXGroup;
			children = (
				B70172332A87D03200FE5E79 /* Note.swift */,
			);
			path = Model;
			sourceTree = "<group>";
		};
		B7664FDA2A88F85900325F6B /* Extensions */ = {
			isa = PBXGroup;
			children = (
				B7664FDB2A88F86700325F6B /* String+Extension.swift */,
			);
			path = Extensions;
			sourceTree = "<group>";
		};
		B7664FDD2A88F87900325F6B /* ViewModel */ = {
			isa = PBXGroup;
			children = (
				B70172352A87D06700FE5E79 /* NotesViewModel.swift */,
			);
			path = ViewModel;
			sourceTree = "<group>";
		};
		B7664FDE2A88F88300325F6B /* Views */ = {
			isa = PBXGroup;
			children = (
				B70172272A87CF0E00FE5E79 /* ContentView.swift */,
				B701723E2A87D8EF00FE5E79 /* AddNoteView.swift */,
				B70172372A87D49000FE5E79 /* NoteView.swift */,
				B7664FDF2A890C5400325F6B /* CustomColorPicker.swift */,
			);
			path = Views;
			sourceTree = "<group>";
		};
/* End PBXGroup section */

/* Begin PBXNativeTarget section */
		B70172212A87CF0E00FE5E79 /* NotesApp */ = {
			isa = PBXNativeTarget;
			buildConfigurationList = B70172302A87CF0F00FE5E79 /* Build configuration list for PBXNativeTarget "NotesApp" */;
			buildPhases = (
				B701721E2A87CF0E00FE5E79 /* Sources */,
				B701721F2A87CF0E00FE5E79 /* Frameworks */,
				B70172202A87CF0E00FE5E79 /* Resources */,
			);
			buildRules = (
			);
			dependencies = (
			);
			name = NotesApp;
			packageProductDependencies = (
				B701723A2A87D60A00FE5E79 /* Realm */,
				B701723C2A87D60A00FE5E79 /* RealmSwift */,
			);
			productName = NotesApp;
			productReference = B70172222A87CF0E00FE5E79 /* NotesApp.app */;
			productType = "com.apple.product-type.application";
		};
/* End PBXNativeTarget section */

/* Begin PBXProject section */
		B701721A2A87CF0E00FE5E79 /* Project object */ = {
			isa = PBXProject;
			attributes = {
				BuildIndependentTargetsInParallel = 1;
				LastSwiftUpdateCheck = 1430;
				LastUpgradeCheck = 1430;
				TargetAttributes = {
					B70172212A87CF0E00FE5E79 = {
						CreatedOnToolsVersion = 14.3.1;
					};
				};
			};
			buildConfigurationList = B701721D2A87CF0E00FE5E79 /* Build configuration list for PBXProject "NotesApp" */;
			compatibilityVersion = "Xcode 14.0";
			developmentRegion = en;
			hasScannedForEncodings = 0;
			knownRegions = (
				en,
				Base,
			);
			mainGroup = B70172192A87CF0E00FE5E79;
			packageReferences = (
				B70172392A87D60A00FE5E79 /* XCRemoteSwiftPackageReference "realm-cocoa" */,
			);
			productRefGroup = B70172232A87CF0E00FE5E79 /* Products */;
			projectDirPath = "";
			projectRoot = "";
			targets = (
				B70172212A87CF0E00FE5E79 /* NotesApp */,
			);
		};
/* End PBXProject section */

/* Begin PBXResourcesBuildPhase section */
		B70172202A87CF0E00FE5E79 /* Resources */ = {
			isa = PBXResourcesBuildPhase;
			buildActionMask = 2147483647;
			files = (
				B701722D2A87CF0F00FE5E79 /* Preview Assets.xcassets in Resources */,
				B701722A2A87CF0F00FE5E79 /* Assets.xcassets in Resources */,
			);
			runOnlyForDeploymentPostprocessing = 0;
		};
/* End PBXResourcesBuildPhase section */

/* Begin PBXSourcesBuildPhase section */
		B701721E2A87CF0E00FE5E79 /* Sources */ = {
			isa = PBXSourcesBuildPhase;
			buildActionMask = 2147483647;
			files = (
				B701723F2A87D8EF00FE5E79 /* AddNoteView.swift in Sources */,
				B7664FDC2A88F86700325F6B /* String+Extension.swift in Sources */,
				B7664FE02A890C5400325F6B /* CustomColorPicker.swift in Sources */,
				B70172362A87D06700FE5E79 /* NotesViewModel.swift in Sources */,
				B70172382A87D49000FE5E79 /* NoteView.swift in Sources */,
				B70172282A87CF0E00FE5E79 /* ContentView.swift in Sources */,
				B70172262A87CF0E00FE5E79 /* NotesAppApp.swift in Sources */,
				B70172342A87D03200FE5E79 /* Note.swift in Sources */,
			);
			runOnlyForDeploymentPostprocessing = 0;
		};
/* End PBXSourcesBuildPhase section */

/* Begin XCBuildConfiguration section */
		B701722E2A87CF0F00FE5E79 /* Debug */ = {
			isa = XCBuildConfiguration;
			buildSettings = {
				ALWAYS_SEARCH_USER_PATHS = NO;
				CLANG_ANALYZER_NONNULL = YES;
				CLANG_ANALYZER_NUMBER_OBJECT_CONVERSION = YES_AGGRESSIVE;
				CLANG_CXX_LANGUAGE_STANDARD = "gnu++20";
				CLANG_ENABLE_MODULES = YES;
				CLANG_ENABLE_OBJC_ARC = YES;
				CLANG_ENABLE_OBJC_WEAK = YES;
				CLANG_WARN_BLOCK_CAPTURE_AUTORELEASING = YES;
				CLANG_WARN_BOOL_CONVERSION = YES;
				CLANG_WARN_COMMA = YES;
				CLANG_WARN_CONSTANT_CONVERSION = YES;
				CLANG_WARN_DEPRECATED_OBJC_IMPLEMENTATIONS = YES;
				CLANG_WARN_DIRECT_OBJC_ISA_USAGE = YES_ERROR;
				CLANG_WARN_DOCUMENTATION_COMMENTS = YES;
				CLANG_WARN_EMPTY_BODY = YES;
				CLANG_WARN_ENUM_CONVERSION = YES;
				CLANG_WARN_INFINITE_RECURSION = YES;
				CLANG_WARN_INT_CONVERSION = YES;
				CLANG_WARN_NON_LITERAL_NULL_CONVERSION = YES;
				CLANG_WARN_OBJC_IMPLICIT_RETAIN_SELF = YES;
				CLANG_WARN_OBJC_LITERAL_CONVERSION = YES;
				CLANG_WARN_OBJC_ROOT_CLASS = YES_ERROR;
				CLANG_WARN_QUOTED_INCLUDE_IN_FRAMEWORK_HEADER = YES;
				CLANG_WARN_RANGE_LOOP_ANALYSIS = YES;
				CLANG_WARN_STRICT_PROTOTYPES = YES;
				CLANG_WARN_SUSPICIOUS_MOVE = YES;
				CLANG_WARN_UNGUARDED_AVAILABILITY = YES_AGGRESSIVE;
				CLANG_WARN_UNREACHABLE_CODE = YES;
				CLANG_WARN__DUPLICATE_METHOD_MATCH = YES;
				COPY_PHASE_STRIP = NO;
				DEBUG_INFORMATION_FORMAT = dwarf;
				ENABLE_STRICT_OBJC_MSGSEND = YES;
				ENABLE_TESTABILITY = YES;
				GCC_C_LANGUAGE_STANDARD = gnu11;
				GCC_DYNAMIC_NO_PIC = NO;
				GCC_NO_COMMON_BLOCKS = YES;
				GCC_OPTIMIZATION_LEVEL = 0;
				GCC_PREPROCESSOR_DEFINITIONS = (
					"DEBUG=1",
					"$(inherited)",
				);
				GCC_WARN_64_TO_32_BIT_CONVERSION = YES;
				GCC_WARN_ABOUT_RETURN_TYPE = YES_ERROR;
				GCC_WARN_UNDECLARED_SELECTOR = YES;
				GCC_WARN_UNINITIALIZED_AUTOS = YES_AGGRESSIVE;
				GCC_WARN_UNUSED_FUNCTION = YES;
				GCC_WARN_UNUSED_VARIABLE = YES;
				IPHONEOS_DEPLOYMENT_TARGET = 16.4;
				MTL_ENABLE_DEBUG_INFO = INCLUDE_SOURCE;
				MTL_FAST_MATH = YES;
				ONLY_ACTIVE_ARCH = YES;
				SDKROOT = iphoneos;
				SWIFT_ACTIVE_COMPILATION_CONDITIONS = DEBUG;
				SWIFT_OPTIMIZATION_LEVEL = "-Onone";
			};
			name = Debug;
		};
		B701722F2A87CF0F00FE5E79 /* Release */ = {
			isa = XCBuildConfiguration;
			buildSettings = {
				ALWAYS_SEARCH_USER_PATHS = NO;
				CLANG_ANALYZER_NONNULL = YES;
				CLANG_ANALYZER_NUMBER_OBJECT_CONVERSION = YES_AGGRESSIVE;
				CLANG_CXX_LANGUAGE_STANDARD = "gnu++20";
				CLANG_ENABLE_MODULES = YES;
				CLANG_ENABLE_OBJC_ARC = YES;
				CLANG_ENABLE_OBJC_WEAK = YES;
				CLANG_WARN_BLOCK_CAPTURE_AUTORELEASING = YES;
				CLANG_WARN_BOOL_CONVERSION = YES;
				CLANG_WARN_COMMA = YES;
				CLANG_WARN_CONSTANT_CONVERSION = YES;
				CLANG_WARN_DEPRECATED_OBJC_IMPLEMENTATIONS = YES;
				CLANG_WARN_DIRECT_OBJC_ISA_USAGE = YES_ERROR;
				CLANG_WARN_DOCUMENTATION_COMMENTS = YES;
				CLANG_WARN_EMPTY_BODY = YES;
				CLANG_WARN_ENUM_CONVERSION = YES;
				CLANG_WARN_INFINITE_RECURSION = YES;
				CLANG_WARN_INT_CONVERSION = YES;
				CLANG_WARN_NON_LITERAL_NULL_CONVERSION = YES;
				CLANG_WARN_OBJC_IMPLICIT_RETAIN_SELF = YES;
				CLANG_WARN_OBJC_LITERAL_CONVERSION = YES;
				CLANG_WARN_OBJC_ROOT_CLASS = YES_ERROR;
				CLANG_WARN_QUOTED_INCLUDE_IN_FRAMEWORK_HEADER = YES;
				CLANG_WARN_RANGE_LOOP_ANALYSIS = YES;
				CLANG_WARN_STRICT_PROTOTYPES = YES;
				CLANG_WARN_SUSPICIOUS_MOVE = YES;
				CLANG_WARN_UNGUARDED_AVAILABILITY = YES_AGGRESSIVE;
				CLANG_WARN_UNREACHABLE_CODE = YES;
				CLANG_WARN__DUPLICATE_METHOD_MATCH = YES;
				COPY_PHASE_STRIP = NO;
				DEBUG_INFORMATION_FORMAT = "dwarf-with-dsym";
				ENABLE_NS_ASSERTIONS = NO;
				ENABLE_STRICT_OBJC_MSGSEND = YES;
				GCC_C_LANGUAGE_STANDARD = gnu11;
				GCC_NO_COMMON_BLOCKS = YES;
				GCC_WARN_64_TO_32_BIT_CONVERSION = YES;
				GCC_WARN_ABOUT_RETURN_TYPE = YES_ERROR;
				GCC_WARN_UNDECLARED_SELECTOR = YES;
				GCC_WARN_UNINITIALIZED_AUTOS = YES_AGGRESSIVE;
				GCC_WARN_UNUSED_FUNCTION = YES;
				GCC_WARN_UNUSED_VARIABLE = YES;
				IPHONEOS_DEPLOYMENT_TARGET = 16.4;
				MTL_ENABLE_DEBUG_INFO = NO;
				MTL_FAST_MATH = YES;
				SDKROOT = iphoneos;
				SWIFT_COMPILATION_MODE = wholemodule;
				SWIFT_OPTIMIZATION_LEVEL = "-O";
				VALIDATE_PRODUCT = YES;
			};
			name = Release;
		};
		B70172312A87CF0F00FE5E79 /* Debug */ = {
			isa = XCBuildConfiguration;
			buildSettings = {
				ASSETCATALOG_COMPILER_APPICON_NAME = AppIcon;
				ASSETCATALOG_COMPILER_GLOBAL_ACCENT_COLOR_NAME = AccentColor;
				CODE_SIGN_STYLE = Automatic;
				CURRENT_PROJECT_VERSION = 1;
				DEVELOPMENT_ASSET_PATHS = "\"NotesApp/Preview Content\"";
				DEVELOPMENT_TEAM = 79AQJWGJQM;
				ENABLE_PREVIEWS = YES;
				GENERATE_INFOPLIST_FILE = YES;
				INFOPLIST_KEY_UIApplicationSceneManifest_Generation = YES;
				INFOPLIST_KEY_UIApplicationSupportsIndirectInputEvents = YES;
				INFOPLIST_KEY_UILaunchScreen_Generation = YES;
				INFOPLIST_KEY_UISupportedInterfaceOrientations_iPad = "UIInterfaceOrientationPortrait UIInterfaceOrientationPortraitUpsideDown UIInterfaceOrientationLandscapeLeft UIInterfaceOrientationLandscapeRight";
				INFOPLIST_KEY_UISupportedInterfaceOrientations_iPhone = "UIInterfaceOrientationPortrait UIInterfaceOrientationLandscapeLeft UIInterfaceOrientationLandscapeRight";
				LD_RUNPATH_SEARCH_PATHS = (
					"$(inherited)",
					"@executable_path/Frameworks",
				);
				MARKETING_VERSION = 1.0;
				PRODUCT_BUNDLE_IDENTIFIER = kupriyanov.NotesApp;
				PRODUCT_NAME = "$(TARGET_NAME)";
				SWIFT_EMIT_LOC_STRINGS = YES;
				SWIFT_VERSION = 5.0;
				TARGETED_DEVICE_FAMILY = "1,2";
			};
			name = Debug;
		};
		B70172322A87CF0F00FE5E79 /* Release */ = {
			isa = XCBuildConfiguration;
			buildSettings = {
				ASSETCATALOG_COMPILER_APPICON_NAME = AppIcon;
				ASSETCATALOG_COMPILER_GLOBAL_ACCENT_COLOR_NAME = AccentColor;
				CODE_SIGN_STYLE = Automatic;
				CURRENT_PROJECT_VERSION = 1;
				DEVELOPMENT_ASSET_PATHS = "\"NotesApp/Preview Content\"";
				DEVELOPMENT_TEAM = 79AQJWGJQM;
				ENABLE_PREVIEWS = YES;
				GENERATE_INFOPLIST_FILE = YES;
				INFOPLIST_KEY_UIApplicationSceneManifest_Generation = YES;
				INFOPLIST_KEY_UIApplicationSupportsIndirectInputEvents = YES;
				INFOPLIST_KEY_UILaunchScreen_Generation = YES;
				INFOPLIST_KEY_UISupportedInterfaceOrientations_iPad = "UIInterfaceOrientationPortrait UIInterfaceOrientationPortraitUpsideDown UIInterfaceOrientationLandscapeLeft UIInterfaceOrientationLandscapeRight";
				INFOPLIST_KEY_UISupportedInterfaceOrientations_iPhone = "UIInterfaceOrientationPortrait UIInterfaceOrientationLandscapeLeft UIInterfaceOrientationLandscapeRight";
				LD_RUNPATH_SEARCH_PATHS = (
					"$(inherited)",
					"@executable_path/Frameworks",
				);
				MARKETING_VERSION = 1.0;
				PRODUCT_BUNDLE_IDENTIFIER = kupriyanov.NotesApp;
				PRODUCT_NAME = "$(TARGET_NAME)";
				SWIFT_EMIT_LOC_STRINGS = YES;
				SWIFT_VERSION = 5.0;
				TARGETED_DEVICE_FAMILY = "1,2";
			};
			name = Release;
		};
/* End XCBuildConfiguration section */

/* Begin XCConfigurationList section */
		B701721D2A87CF0E00FE5E79 /* Build configuration list for PBXProject "NotesApp" */ = {
			isa = XCConfigurationList;
			buildConfigurations = (
				B701722E2A87CF0F00FE5E79 /* Debug */,
				B701722F2A87CF0F00FE5E79 /* Release */,
			);
			defaultConfigurationIsVisible = 0;
			defaultConfigurationName = Release;
		};
		B70172302A87CF0F00FE5E79 /* Build configuration list for PBXNativeTarget "NotesApp" */ = {
			isa = XCConfigurationList;
			buildConfigurations = (
				B70172312A87CF0F00FE5E79 /* Debug */,
				B70172322A87CF0F00FE5E79 /* Release */,
			);
			defaultConfigurationIsVisible = 0;
			defaultConfigurationName = Release;
		};
/* End XCConfigurationList section */

/* Begin XCRemoteSwiftPackageReference section */
		B70172392A87D60A00FE5E79 /* XCRemoteSwiftPackageReference "realm-cocoa" */ = {
			isa = XCRemoteSwiftPackageReference;
			repositoryURL = "https://github.com/realm/realm-cocoa.git";
			requirement = {
				branch = master;
				kind = branch;
			};
		};
/* End XCRemoteSwiftPackageReference section */

/* Begin XCSwiftPackageProductDependency section */
		B701723A2A87D60A00FE5E79 /* Realm */ = {
			isa = XCSwiftPackageProductDependency;
			package = B70172392A87D60A00FE5E79 /* XCRemoteSwiftPackageReference "realm-cocoa" */;
			productName = Realm;
		};
		B701723C2A87D60A00FE5E79 /* RealmSwift */ = {
			isa = XCSwiftPackageProductDependency;
			package = B70172392A87D60A00FE5E79 /* XCRemoteSwiftPackageReference "realm-cocoa" */;
			productName = RealmSwift;
		};
/* End XCSwiftPackageProductDependency section */
	};
	rootObject = B701721A2A87CF0E00FE5E79 /* Project object */;
}
